// !$*UTF8*$!
{
	archiveVersion = 1;
	classes = {
	};
	objectVersion = 46;
	objects = {

/* Begin PBXBuildFile section */
		8245E50113BE563400A3829A /* README.markdown in Resources */ = {isa = PBXBuildFile; fileRef = 8245E50013BE563400A3829A /* README.markdown */; };
		8245E50813BE5A2700A3829A /* LICENSE in Resources */ = {isa = PBXBuildFile; fileRef = 8245E50713BE5A2700A3829A /* LICENSE */; };
		82902D0313BE4AC700EAC215 /* UIKit.framework in Frameworks */ = {isa = PBXBuildFile; fileRef = 82902D0213BE4AC700EAC215 /* UIKit.framework */; };
		82902D0513BE4AC700EAC215 /* Foundation.framework in Frameworks */ = {isa = PBXBuildFile; fileRef = 82902D0413BE4AC700EAC215 /* Foundation.framework */; };
		82902D0713BE4AC700EAC215 /* CoreGraphics.framework in Frameworks */ = {isa = PBXBuildFile; fileRef = 82902D0613BE4AC700EAC215 /* CoreGraphics.framework */; };
		82902D0D13BE4AC700EAC215 /* InfoPlist.strings in Resources */ = {isa = PBXBuildFile; fileRef = 82902D0B13BE4AC700EAC215 /* InfoPlist.strings */; };
		82902D1013BE4AC700EAC215 /* main.m in Sources */ = {isa = PBXBuildFile; fileRef = 82902D0F13BE4AC700EAC215 /* main.m */; };
		82902D1313BE4AC700EAC215 /* STSegmentedControlDemoAppDelegate.m in Sources */ = {isa = PBXBuildFile; fileRef = 82902D1213BE4AC700EAC215 /* STSegmentedControlDemoAppDelegate.m */; };
		82902D1613BE4AC700EAC215 /* MainWindow.xib in Resources */ = {isa = PBXBuildFile; fileRef = 82902D1413BE4AC700EAC215 /* MainWindow.xib */; };
		82902D1913BE4AC700EAC215 /* STSegmentedControlDemoViewController.m in Sources */ = {isa = PBXBuildFile; fileRef = 82902D1813BE4AC700EAC215 /* STSegmentedControlDemoViewController.m */; };
		82902D1C13BE4AC700EAC215 /* STSegmentedControlDemoViewController.xib in Resources */ = {isa = PBXBuildFile; fileRef = 82902D1A13BE4AC700EAC215 /* STSegmentedControlDemoViewController.xib */; };
		82902D3313BE4AED00EAC215 /* normal_left.png in Resources */ = {isa = PBXBuildFile; fileRef = 82902D2313BE4AED00EAC215 /* normal_left.png */; };
		82902D3413BE4AED00EAC215 /* normal_left@2x.png in Resources */ = {isa = PBXBuildFile; fileRef = 82902D2413BE4AED00EAC215 /* normal_left@2x.png */; };
		82902D3513BE4AED00EAC215 /* normal_middle.png in Resources */ = {isa = PBXBuildFile; fileRef = 82902D2513BE4AED00EAC215 /* normal_middle.png */; };
		82902D3613BE4AED00EAC215 /* normal_middle@2x.png in Resources */ = {isa = PBXBuildFile; fileRef = 82902D2613BE4AED00EAC215 /* normal_middle@2x.png */; };
		82902D3713BE4AED00EAC215 /* normal_right.png in Resources */ = {isa = PBXBuildFile; fileRef = 82902D2713BE4AED00EAC215 /* normal_right.png */; };
		82902D3813BE4AED00EAC215 /* normal_right@2x.png in Resources */ = {isa = PBXBuildFile; fileRef = 82902D2813BE4AED00EAC215 /* normal_right@2x.png */; };
		82902D3913BE4AED00EAC215 /* selected_left.png in Resources */ = {isa = PBXBuildFile; fileRef = 82902D2913BE4AED00EAC215 /* selected_left.png */; };
		82902D3A13BE4AED00EAC215 /* selected_left@2x.png in Resources */ = {isa = PBXBuildFile; fileRef = 82902D2A13BE4AED00EAC215 /* selected_left@2x.png */; };
		82902D3B13BE4AED00EAC215 /* selected_middle.png in Resources */ = {isa = PBXBuildFile; fileRef = 82902D2B13BE4AED00EAC215 /* selected_middle.png */; };
		82902D3C13BE4AED00EAC215 /* selected_middle@2x.png in Resources */ = {isa = PBXBuildFile; fileRef = 82902D2C13BE4AED00EAC215 /* selected_middle@2x.png */; };
		82902D3D13BE4AED00EAC215 /* selected_right.png in Resources */ = {isa = PBXBuildFile; fileRef = 82902D2D13BE4AED00EAC215 /* selected_right.png */; };
		82902D3E13BE4AED00EAC215 /* selected_right@2x.png in Resources */ = {isa = PBXBuildFile; fileRef = 82902D2E13BE4AED00EAC215 /* selected_right@2x.png */; };
		82902D3F13BE4AED00EAC215 /* SomeIcon.png in Resources */ = {isa = PBXBuildFile; fileRef = 82902D2F13BE4AED00EAC215 /* SomeIcon.png */; };
		82902D4013BE4AED00EAC215 /* STSegmentedControl.m in Sources */ = {isa = PBXBuildFile; fileRef = 82902D3213BE4AED00EAC215 /* STSegmentedControl.m */; };
/* End PBXBuildFile section */

/* Begin PBXFileReference section */
		8245E50013BE563400A3829A /* README.markdown */ = {isa = PBXFileReference; fileEncoding = 4; lastKnownFileType = text; path = README.markdown; sourceTree = "<group>"; };
		8245E50713BE5A2700A3829A /* LICENSE */ = {isa = PBXFileReference; fileEncoding = 4; lastKnownFileType = text; path = LICENSE; sourceTree = "<group>"; };
		82902CFE13BE4AC700EAC215 /* STSegmentedControlDemo.app */ = {isa = PBXFileReference; explicitFileType = wrapper.application; includeInIndex = 0; path = STSegmentedControlDemo.app; sourceTree = BUILT_PRODUCTS_DIR; };
		82902D0213BE4AC700EAC215 /* UIKit.framework */ = {isa = PBXFileReference; lastKnownFileType = wrapper.framework; name = UIKit.framework; path = System/Library/Frameworks/UIKit.framework; sourceTree = SDKROOT; };
		82902D0413BE4AC700EAC215 /* Foundation.framework */ = {isa = PBXFileReference; lastKnownFileType = wrapper.framework; name = Foundation.framework; path = System/Library/Frameworks/Foundation.framework; sourceTree = SDKROOT; };
		82902D0613BE4AC700EAC215 /* CoreGraphics.framework */ = {isa = PBXFileReference; lastKnownFileType = wrapper.framework; name = CoreGraphics.framework; path = System/Library/Frameworks/CoreGraphics.framework; sourceTree = SDKROOT; };
		82902D0A13BE4AC700EAC215 /* STSegmentedControlDemo-Info.plist */ = {isa = PBXFileReference; lastKnownFileType = text.plist.xml; path = "STSegmentedControlDemo-Info.plist"; sourceTree = "<group>"; };
		82902D0C13BE4AC700EAC215 /* en */ = {isa = PBXFileReference; lastKnownFileType = text.plist.strings; name = en; path = en.lproj/InfoPlist.strings; sourceTree = "<group>"; };
		82902D0E13BE4AC700EAC215 /* STSegmentedControlDemo-Prefix.pch */ = {isa = PBXFileReference; lastKnownFileType = sourcecode.c.h; path = "STSegmentedControlDemo-Prefix.pch"; sourceTree = "<group>"; };
		82902D0F13BE4AC700EAC215 /* main.m */ = {isa = PBXFileReference; lastKnownFileType = sourcecode.c.objc; path = main.m; sourceTree = "<group>"; };
		82902D1113BE4AC700EAC215 /* STSegmentedControlDemoAppDelegate.h */ = {isa = PBXFileReference; lastKnownFileType = sourcecode.c.h; path = STSegmentedControlDemoAppDelegate.h; sourceTree = "<group>"; };
		82902D1213BE4AC700EAC215 /* STSegmentedControlDemoAppDelegate.m */ = {isa = PBXFileReference; lastKnownFileType = sourcecode.c.objc; path = STSegmentedControlDemoAppDelegate.m; sourceTree = "<group>"; };
		82902D1513BE4AC700EAC215 /* en */ = {isa = PBXFileReference; lastKnownFileType = file.xib; name = en; path = en.lproj/MainWindow.xib; sourceTree = "<group>"; };
		82902D1713BE4AC700EAC215 /* STSegmentedControlDemoViewController.h */ = {isa = PBXFileReference; lastKnownFileType = sourcecode.c.h; path = STSegmentedControlDemoViewController.h; sourceTree = "<group>"; };
		82902D1813BE4AC700EAC215 /* STSegmentedControlDemoViewController.m */ = {isa = PBXFileReference; lastKnownFileType = sourcecode.c.objc; path = STSegmentedControlDemoViewController.m; sourceTree = "<group>"; };
		82902D1B13BE4AC700EAC215 /* en */ = {isa = PBXFileReference; lastKnownFileType = file.xib; name = en; path = en.lproj/STSegmentedControlDemoViewController.xib; sourceTree = "<group>"; };
		82902D2313BE4AED00EAC215 /* normal_left.png */ = {isa = PBXFileReference; lastKnownFileType = image.png; path = normal_left.png; sourceTree = "<group>"; };
		82902D2413BE4AED00EAC215 /* normal_left@2x.png */ = {isa = PBXFileReference; lastKnownFileType = image.png; path = "normal_left@2x.png"; sourceTree = "<group>"; };
		82902D2513BE4AED00EAC215 /* normal_middle.png */ = {isa = PBXFileReference; lastKnownFileType = image.png; path = normal_middle.png; sourceTree = "<group>"; };
		82902D2613BE4AED00EAC215 /* normal_middle@2x.png */ = {isa = PBXFileReference; lastKnownFileType = image.png; path = "normal_middle@2x.png"; sourceTree = "<group>"; };
		82902D2713BE4AED00EAC215 /* normal_right.png */ = {isa = PBXFileReference; lastKnownFileType = image.png; path = normal_right.png; sourceTree = "<group>"; };
		82902D2813BE4AED00EAC215 /* normal_right@2x.png */ = {isa = PBXFileReference; lastKnownFileType = image.png; path = "normal_right@2x.png"; sourceTree = "<group>"; };
		82902D2913BE4AED00EAC215 /* selected_left.png */ = {isa = PBXFileReference; lastKnownFileType = image.png; path = selected_left.png; sourceTree = "<group>"; };
		82902D2A13BE4AED00EAC215 /* selected_left@2x.png */ = {isa = PBXFileReference; lastKnownFileType = image.png; path = "selected_left@2x.png"; sourceTree = "<group>"; };
		82902D2B13BE4AED00EAC215 /* selected_middle.png */ = {isa = PBXFileReference; lastKnownFileType = image.png; path = selected_middle.png; sourceTree = "<group>"; };
		82902D2C13BE4AED00EAC215 /* selected_middle@2x.png */ = {isa = PBXFileReference; lastKnownFileType = image.png; path = "selected_middle@2x.png"; sourceTree = "<group>"; };
		82902D2D13BE4AED00EAC215 /* selected_right.png */ = {isa = PBXFileReference; lastKnownFileType = image.png; path = selected_right.png; sourceTree = "<group>"; };
		82902D2E13BE4AED00EAC215 /* selected_right@2x.png */ = {isa = PBXFileReference; lastKnownFileType = image.png; path = "selected_right@2x.png"; sourceTree = "<group>"; };
		82902D2F13BE4AED00EAC215 /* SomeIcon.png */ = {isa = PBXFileReference; lastKnownFileType = image.png; path = SomeIcon.png; sourceTree = "<group>"; };
		82902D3113BE4AED00EAC215 /* STSegmentedControl.h */ = {isa = PBXFileReference; fileEncoding = 4; lastKnownFileType = sourcecode.c.h; path = STSegmentedControl.h; sourceTree = "<group>"; };
		82902D3213BE4AED00EAC215 /* STSegmentedControl.m */ = {isa = PBXFileReference; fileEncoding = 4; lastKnownFileType = sourcecode.c.objc; path = STSegmentedControl.m; sourceTree = "<group>"; };
		8BFB6B4516FB4E10003EF279 /* STSegmentedControlUI.h */ = {isa = PBXFileReference; lastKnownFileType = sourcecode.c.h; path = STSegmentedControlUI.h; sourceTree = "<group>"; };
/* End PBXFileReference section */

/* Begin PBXFrameworksBuildPhase section */
		82902CFB13BE4AC700EAC215 /* Frameworks */ = {
			isa = PBXFrameworksBuildPhase;
			buildActionMask = 2147483647;
			files = (
				82902D0313BE4AC700EAC215 /* UIKit.framework in Frameworks */,
				82902D0513BE4AC700EAC215 /* Foundation.framework in Frameworks */,
				82902D0713BE4AC700EAC215 /* CoreGraphics.framework in Frameworks */,
			);
			runOnlyForDeploymentPostprocessing = 0;
		};
/* End PBXFrameworksBuildPhase section */

/* Begin PBXGroup section */
		82902CF313BE4AC700EAC215 = {
			isa = PBXGroup;
			children = (
				8245E50013BE563400A3829A /* README.markdown */,
				8245E50713BE5A2700A3829A /* LICENSE */,
				82902D0813BE4AC700EAC215 /* STSegmentedControlDemo */,
				82902D0113BE4AC700EAC215 /* Frameworks */,
				82902CFF13BE4AC700EAC215 /* Products */,
			);
			sourceTree = "<group>";
		};
		82902CFF13BE4AC700EAC215 /* Products */ = {
			isa = PBXGroup;
			children = (
				82902CFE13BE4AC700EAC215 /* STSegmentedControlDemo.app */,
			);
			name = Products;
			sourceTree = "<group>";
		};
		82902D0113BE4AC700EAC215 /* Frameworks */ = {
			isa = PBXGroup;
			children = (
				82902D0213BE4AC700EAC215 /* UIKit.framework */,
				82902D0413BE4AC700EAC215 /* Foundation.framework */,
				82902D0613BE4AC700EAC215 /* CoreGraphics.framework */,
			);
			name = Frameworks;
			sourceTree = "<group>";
		};
		82902D0813BE4AC700EAC215 /* STSegmentedControlDemo */ = {
			isa = PBXGroup;
			children = (
				82902D3013BE4AED00EAC215 /* STSegmentedControl */,
				82902D2213BE4AED00EAC215 /* Images */,
				82902D1113BE4AC700EAC215 /* STSegmentedControlDemoAppDelegate.h */,
				82902D1213BE4AC700EAC215 /* STSegmentedControlDemoAppDelegate.m */,
				82902D1713BE4AC700EAC215 /* STSegmentedControlDemoViewController.h */,
				82902D1813BE4AC700EAC215 /* STSegmentedControlDemoViewController.m */,
				82902D1413BE4AC700EAC215 /* MainWindow.xib */,
				82902D1A13BE4AC700EAC215 /* STSegmentedControlDemoViewController.xib */,
				82902D0913BE4AC700EAC215 /* Supporting Files */,
			);
			path = STSegmentedControlDemo;
			sourceTree = "<group>";
		};
		82902D0913BE4AC700EAC215 /* Supporting Files */ = {
			isa = PBXGroup;
			children = (
				82902D0A13BE4AC700EAC215 /* STSegmentedControlDemo-Info.plist */,
				82902D0B13BE4AC700EAC215 /* InfoPlist.strings */,
				82902D0E13BE4AC700EAC215 /* STSegmentedControlDemo-Prefix.pch */,
				82902D0F13BE4AC700EAC215 /* main.m */,
			);
			name = "Supporting Files";
			sourceTree = "<group>";
		};
		82902D2213BE4AED00EAC215 /* Images */ = {
			isa = PBXGroup;
			children = (
				82902D2313BE4AED00EAC215 /* normal_left.png */,
				82902D2413BE4AED00EAC215 /* normal_left@2x.png */,
				82902D2513BE4AED00EAC215 /* normal_middle.png */,
				82902D2613BE4AED00EAC215 /* normal_middle@2x.png */,
				82902D2713BE4AED00EAC215 /* normal_right.png */,
				82902D2813BE4AED00EAC215 /* normal_right@2x.png */,
				82902D2913BE4AED00EAC215 /* selected_left.png */,
				82902D2A13BE4AED00EAC215 /* selected_left@2x.png */,
				82902D2B13BE4AED00EAC215 /* selected_middle.png */,
				82902D2C13BE4AED00EAC215 /* selected_middle@2x.png */,
				82902D2D13BE4AED00EAC215 /* selected_right.png */,
				82902D2E13BE4AED00EAC215 /* selected_right@2x.png */,
				82902D2F13BE4AED00EAC215 /* SomeIcon.png */,
			);
			path = Images;
			sourceTree = "<group>";
		};
		82902D3013BE4AED00EAC215 /* STSegmentedControl */ = {
			isa = PBXGroup;
			children = (
				8BFB6B4516FB4E10003EF279 /* STSegmentedControlUI.h */,
				82902D3113BE4AED00EAC215 /* STSegmentedControl.h */,
				82902D3213BE4AED00EAC215 /* STSegmentedControl.m */,
			);
			path = STSegmentedControl;
			sourceTree = "<group>";
		};
/* End PBXGroup section */

/* Begin PBXNativeTarget section */
		82902CFD13BE4AC700EAC215 /* STSegmentedControlDemo */ = {
			isa = PBXNativeTarget;
			buildConfigurationList = 82902D1F13BE4AC700EAC215 /* Build configuration list for PBXNativeTarget "STSegmentedControlDemo" */;
			buildPhases = (
				82902CFA13BE4AC700EAC215 /* Sources */,
				82902CFB13BE4AC700EAC215 /* Frameworks */,
				82902CFC13BE4AC700EAC215 /* Resources */,
			);
			buildRules = (
			);
			dependencies = (
			);
			name = STSegmentedControlDemo;
			productName = STSegmentedControlDemo;
			productReference = 82902CFE13BE4AC700EAC215 /* STSegmentedControlDemo.app */;
			productType = "com.apple.product-type.application";
		};
/* End PBXNativeTarget section */

/* Begin PBXProject section */
		82902CF513BE4AC700EAC215 /* Project object */ = {
			isa = PBXProject;
			attributes = {
				ORGANIZATIONNAME = FreshCreations;
			};
			buildConfigurationList = 82902CF813BE4AC700EAC215 /* Build configuration list for PBXProject "STSegmentedControlDemo" */;
			compatibilityVersion = "Xcode 3.2";
			developmentRegion = English;
			hasScannedForEncodings = 0;
			knownRegions = (
				en,
			);
			mainGroup = 82902CF313BE4AC700EAC215;
			productRefGroup = 82902CFF13BE4AC700EAC215 /* Products */;
			projectDirPath = "";
			projectRoot = "";
			targets = (
				82902CFD13BE4AC700EAC215 /* STSegmentedControlDemo */,
			);
		};
/* End PBXProject section */

/* Begin PBXResourcesBuildPhase section */
		82902CFC13BE4AC700EAC215 /* Resources */ = {
			isa = PBXResourcesBuildPhase;
			buildActionMask = 2147483647;
			files = (
				82902D0D13BE4AC700EAC215 /* InfoPlist.strings in Resources */,
				82902D1613BE4AC700EAC215 /* MainWindow.xib in Resources */,
				82902D1C13BE4AC700EAC215 /* STSegmentedControlDemoViewController.xib in Resources */,
				82902D3313BE4AED00EAC215 /* normal_left.png in Resources */,
				82902D3413BE4AED00EAC215 /* normal_left@2x.png in Resources */,
				82902D3513BE4AED00EAC215 /* normal_middle.png in Resources */,
				82902D3613BE4AED00EAC215 /* normal_middle@2x.png in Resources */,
				82902D3713BE4AED00EAC215 /* normal_right.png in Resources */,
				82902D3813BE4AED00EAC215 /* normal_right@2x.png in Resources */,
				82902D3913BE4AED00EAC215 /* selected_left.png in Resources */,
				82902D3A13BE4AED00EAC215 /* selected_left@2x.png in Resources */,
				82902D3B13BE4AED00EAC215 /* selected_middle.png in Resources */,
				82902D3C13BE4AED00EAC215 /* selected_middle@2x.png in Resources */,
				82902D3D13BE4AED00EAC215 /* selected_right.png in Resources */,
				82902D3E13BE4AED00EAC215 /* selected_right@2x.png in Resources */,
				82902D3F13BE4AED00EAC215 /* SomeIcon.png in Resources */,
				8245E50113BE563400A3829A /* README.markdown in Resources */,
				8245E50813BE5A2700A3829A /* LICENSE in Resources */,
			);
			runOnlyForDeploymentPostprocessing = 0;
		};
/* End PBXResourcesBuildPhase section */

/* Begin PBXSourcesBuildPhase section */
		82902CFA13BE4AC700EAC215 /* Sources */ = {
			isa = PBXSourcesBuildPhase;
			buildActionMask = 2147483647;
			files = (
				82902D1013BE4AC700EAC215 /* main.m in Sources */,
				82902D1313BE4AC700EAC215 /* STSegmentedControlDemoAppDelegate.m in Sources */,
				82902D1913BE4AC700EAC215 /* STSegmentedControlDemoViewController.m in Sources */,
				82902D4013BE4AED00EAC215 /* STSegmentedControl.m in Sources */,
			);
			runOnlyForDeploymentPostprocessing = 0;
		};
/* End PBXSourcesBuildPhase section */

/* Begin PBXVariantGroup section */
		82902D0B13BE4AC700EAC215 /* InfoPlist.strings */ = {
			isa = PBXVariantGroup;
			children = (
				82902D0C13BE4AC700EAC215 /* en */,
			);
			name = InfoPlist.strings;
			sourceTree = "<group>";
		};
		82902D1413BE4AC700EAC215 /* MainWindow.xib */ = {
			isa = PBXVariantGroup;
			children = (
				82902D1513BE4AC700EAC215 /* en */,
			);
			name = MainWindow.xib;
			sourceTree = "<group>";
		};
		82902D1A13BE4AC700EAC215 /* STSegmentedControlDemoViewController.xib */ = {
			isa = PBXVariantGroup;
			children = (
				82902D1B13BE4AC700EAC215 /* en */,
			);
			name = STSegmentedControlDemoViewController.xib;
			sourceTree = "<group>";
		};
/* End PBXVariantGroup section */

/* Begin XCBuildConfiguration section */
		82902D1D13BE4AC700EAC215 /* Debug */ = {
			isa = XCBuildConfiguration;
			buildSettings = {
				ARCHS = "$(ARCHS_STANDARD_32_BIT)";
				"CODE_SIGN_IDENTITY[sdk=iphoneos*]" = "iPhone Developer";
				GCC_C_LANGUAGE_STANDARD = gnu99;
				GCC_OPTIMIZATION_LEVEL = 0;
				GCC_PREPROCESSOR_DEFINITIONS = DEBUG;
				GCC_SYMBOLS_PRIVATE_EXTERN = NO;
				GCC_VERSION = com.apple.compilers.llvmgcc42;
				GCC_WARN_ABOUT_RETURN_TYPE = YES;
				GCC_WARN_UNUSED_VARIABLE = YES;
				IPHONEOS_DEPLOYMENT_TARGET = 4.3;
				SDKROOT = iphoneos;
			};
			name = Debug;
		};
		82902D1E13BE4AC700EAC215 /* Release */ = {
			isa = XCBuildConfiguration;
			buildSettings = {
				ARCHS = "$(ARCHS_STANDARD_32_BIT)";
				"CODE_SIGN_IDENTITY[sdk=iphoneos*]" = "iPhone Developer";
				GCC_C_LANGUAGE_STANDARD = gnu99;
				GCC_VERSION = com.apple.compilers.llvmgcc42;
				GCC_WARN_ABOUT_RETURN_TYPE = YES;
				GCC_WARN_UNUSED_VARIABLE = YES;
				IPHONEOS_DEPLOYMENT_TARGET = 4.3;
				OTHER_CFLAGS = "-DNS_BLOCK_ASSERTIONS=1";
				SDKROOT = iphoneos;
			};
			name = Release;
		};
		82902D2013BE4AC700EAC215 /* Debug */ = {
			isa = XCBuildConfiguration;
			buildSettings = {
				ALWAYS_SEARCH_USER_PATHS = NO;
				CLANG_ENABLE_OBJC_ARC = YES;
				COPY_PHASE_STRIP = NO;
				GCC_DYNAMIC_NO_PIC = NO;
				GCC_PRECOMPILE_PREFIX_HEADER = YES;
				GCC_PREFIX_HEADER = "STSegmentedControlDemo/STSegmentedControlDemo-Prefix.pch";
				GCC_VERSION = com.apple.compilers.llvm.clang.1_0;
				INFOPLIST_FILE = "STSegmentedControlDemo/STSegmentedControlDemo-Info.plist";
				PRODUCT_NAME = "$(TARGET_NAME)";
				WRAPPER_EXTENSION = app;
			};
			name = Debug;
		};
		82902D2113BE4AC700EAC215 /* Release */ = {
			isa = XCBuildConfiguration;
			buildSettings = {
				ALWAYS_SEARCH_USER_PATHS = NO;
				CLANG_ENABLE_OBJC_ARC = YES;
				COPY_PHASE_STRIP = YES;
				GCC_PRECOMPILE_PREFIX_HEADER = YES;
				GCC_PREFIX_HEADER = "STSegmentedControlDemo/STSegmentedControlDemo-Prefix.pch";
				GCC_VERSION = com.apple.compilers.llvm.clang.1_0;
				INFOPLIST_FILE = "STSegmentedControlDemo/STSegmentedControlDemo-Info.plist";
				PRODUCT_NAME = "$(TARGET_NAME)";
				VALIDATE_PRODUCT = YES;
				WRAPPER_EXTENSION = app;
			};
			name = Release;
		};
/* End XCBuildConfiguration section */

/* Begin XCConfigurationList section */
		82902CF813BE4AC700EAC215 /* Build configuration list for PBXProject "STSegmentedControlDemo" */ = {
			isa = XCConfigurationList;
			buildConfigurations = (
				82902D1D13BE4AC700EAC215 /* Debug */,
				82902D1E13BE4AC700EAC215 /* Release */,
			);
			defaultConfigurationIsVisible = 0;
			defaultConfigurationName = Release;
		};
		82902D1F13BE4AC700EAC215 /* Build configuration list for PBXNativeTarget "STSegmentedControlDemo" */ = {
			isa = XCConfigurationList;
			buildConfigurations = (
				82902D2013BE4AC700EAC215 /* Debug */,
				82902D2113BE4AC700EAC215 /* Release */,
			);
			defaultConfigurationIsVisible = 0;
			defaultConfigurationName = Release;
		};
/* End XCConfigurationList section */
	};
	rootObject = 82902CF513BE4AC700EAC215 /* Project object */;
}
